
Microsoft Visual Studio Solution File, Format Version 12.00
# Visual Studio 15
VisualStudioVersion = 15.0.28010.2036
MinimumVisualStudioVersion = 10.0.40219.1
Project("{9A19103F-16F7-4668-BE54-9A1E7A4F7556}") = "EventNext", "src\EventNext.csproj", "{8DD4DC8E-8FDB-478C-8A5E-746680E23A06}"
EndProject
Project("{2150E333-8FDC-42A3-9474-1A3956D46DE8}") = "Samples", "Samples", "{4B7663C5-10FC-4CE6-B5B9-2452669F0349}"
EndProject
Project("{FAE04EC0-301F-11D3-BF4B-00C04F79EFBC}") = "Performance", "samples\Performance\Performance.csproj", "{0C3957F7-F2EE-472D-994E-89DB994A938E}"
EndProject
Project("{FAE04EC0-301F-11D3-BF4B-00C04F79EFBC}") = "EventNext_AkkaNet", "samples\EventNext_AkkaNet\EventNext_AkkaNet.csproj", "{3AB19317-42E0-477A-B8D7-3842F18EC1F6}"
EndProject
Project("{FAE04EC0-301F-11D3-BF4B-00C04F79EFBC}") = "BaseUsing", "samples\BaseUsing\BaseUsing.csproj", "{40882DDF-6FF0-45B9-BBBA-C8E807E1A82E}"
EndProject
Global
	GlobalSection(SolutionConfigurationPlatforms) = preSolution
		Debug|Any CPU = Debug|Any CPU
		Release|Any CPU = Release|Any CPU
	EndGlobalSection
	GlobalSection(ProjectConfigurationPlatforms) = postSolution
		{8DD4DC8E-8FDB-478C-8A5E-746680E23A06}.Debug|Any CPU.ActiveCfg = Debug|Any CPU
		{8DD4DC8E-8FDB-478C-8A5E-746680E23A06}.Debug|Any CPU.Build.0 = Debug|Any CPU
		{8DD4DC8E-8FDB-478C-8A5E-746680E23A06}.Release|Any CPU.ActiveCfg = Release|Any CPU
		{8DD4DC8E-8FDB-478C-8A5E-746680E23A06}.Release|Any CPU.Build.0 = Release|Any CPU
		{0C3957F7-F2EE-472D-994E-89DB994A938E}.Debug|Any CPU.ActiveCfg = Debug|Any CPU
		{0C3957F7-F2EE-472D-994E-89DB994A938E}.Debug|Any CPU.Build.0 = Debug|Any CPU
		{0C3957F7-F2EE-472D-994E-89DB994A938E}.Release|Any CPU.ActiveCfg = Release|Any CPU
		{0C3957F7-F2EE-472D-994E-89DB994A938E}.Release|Any CPU.Build.0 = Release|Any CPU
		{3AB19317-42E0-477A-B8D7-3842F18EC1F6}.Debug|Any CPU.ActiveCfg = Debug|Any CPU
		{3AB19317-42E0-477A-B8D7-3842F18EC1F6}.Debug|Any CPU.Build.0 = Debug|Any CPU
		{3AB19317-42E0-477A-B8D7-3842F18EC1F6}.Release|Any CPU.ActiveCfg = Release|Any CPU
		{3AB19317-42E0-477A-B8D7-3842F18EC1F6}.Release|Any CPU.Build.0 = Release|Any CPU
		{40882DDF-6FF0-45B9-BBBA-C8E807E1A82E}.Debug|Any CPU.ActiveCfg = Debug|Any CPU
		{40882DDF-6FF0-45B9-BBBA-C8E807E1A82E}.Debug|Any CPU.Build.0 = Debug|Any CPU
		{40882DDF-6FF0-45B9-BBBA-C8E807E1A82E}.Release|Any CPU.ActiveCfg = Release|Any CPU
		{40882DDF-6FF0-45B9-BBBA-C8E807E1A82E}.Release|Any CPU.Build.0 = Release|Any CPU
	EndGlobalSection
	GlobalSection(SolutionProperties) = preSolution
		HideSolutionNode = FALSE
	EndGlobalSection
	GlobalSection(NestedProjects) = preSolution
		{0C3957F7-F2EE-472D-994E-89DB994A938E} = {4B7663C5-10FC-4CE6-B5B9-2452669F0349}
		{3AB19317-42E0-477A-B8D7-3842F18EC1F6} = {4B7663C5-10FC-4CE6-B5B9-2452669F0349}
		{40882DDF-6FF0-45B9-BBBA-C8E807E1A82E} = {4B7663C5-10FC-4CE6-B5B9-2452669F0349}
	EndGlobalSection
	GlobalSection(ExtensibilityGlobals) = postSolution
		SolutionGuid = {F48908E0-F39B-4E96-8799-019CA436E575}
	EndGlobalSection
EndGlobal
